
Microsoft Visual Studio Solution File, Format Version 12.00
# Visual Studio Version 17
VisualStudioVersion = 17.11.35303.130
MinimumVisualStudioVersion = 10.0.40219.1
Project("{FAE04EC0-301F-11D3-BF4B-00C04F79EFBC}") = "proyecto_final_GrupoB", "proyecto_final_GrupoB\proyecto_final_GrupoB.csproj", "{B40124B5-35E5-42E4-A453-B46A5F0F7E6D}"
EndProject
Global
	GlobalSection(SolutionConfigurationPlatforms) = preSolution
		Debug|Any CPU = Debug|Any CPU
		Release|Any CPU = Release|Any CPU
	EndGlobalSection
	GlobalSection(ProjectConfigurationPlatforms) = postSolution
		{B40124B5-35E5-42E4-A453-B46A5F0F7E6D}.Debug|Any CPU.ActiveCfg = Debug|Any CPU
		{B40124B5-35E5-42E4-A453-B46A5F0F7E6D}.Debug|Any CPU.Build.0 = Debug|Any CPU
		{B40124B5-35E5-42E4-A453-B46A5F0F7E6D}.Release|Any CPU.ActiveCfg = Release|Any CPU
		{B40124B5-35E5-42E4-A453-B46A5F0F7E6D}.Release|Any CPU.Build.0 = Release|Any CPU
	EndGlobalSection
	GlobalSection(SolutionProperties) = preSolution
		HideSolutionNode = FALSE
	EndGlobalSection
	GlobalSection(ExtensibilityGlobals) = postSolution
		SolutionGuid = {575FCEC5-4B7B-42E7-A80A-52DA03DF3969}
	EndGlobalSection
EndGlobal
